
Microsoft Visual Studio Solution File, Format Version 12.00
# Visual Studio 15
VisualStudioVersion = 15.0.27130.2036
MinimumVisualStudioVersion = 10.0.40219.1
Project("{FAE04EC0-301F-11D3-BF4B-00C04F79EFBC}") = "Meeting1.LearnBasicDataTypesAndConstructions", "Meeting1.LearnBasicDataTypesAndConstructions\Meeting1.LearnBasicDataTypesAndConstructions.csproj", "{B5C5A484-E3E1-4E96-BF3C-8CAAFC46D80B}"
EndProject
Project("{FAE04EC0-301F-11D3-BF4B-00C04F79EFBC}") = "Meeting2.LearnOop", "Meeting2.LearnOop\Meeting2.LearnOop.csproj", "{3498EE67-E5EC-4B08-8DFC-B881D0929A85}"
EndProject
Project("{FAE04EC0-301F-11D3-BF4B-00C04F79EFBC}") = "Meeting3.AdvancedProgrammingPart1", "Meeting3.AdvancedProgrammingPart1\Meeting3.AdvancedProgrammingPart1.csproj", "{87360405-5C94-44C0-9A13-7C81BF475097}"
EndProject
Project("{FAE04EC0-301F-11D3-BF4B-00C04F79EFBC}") = "Meeting4.AdvancedProgrammingPart2", "Meeting4.AdvancedProgrammingPart2\Meeting4.AdvancedProgrammingPart2.csproj", "{88625882-BFC3-460F-96B3-6551F5AFFD00}"
EndProject
Global
	GlobalSection(SolutionConfigurationPlatforms) = preSolution
		Debug|Any CPU = Debug|Any CPU
		Release|Any CPU = Release|Any CPU
	EndGlobalSection
	GlobalSection(ProjectConfigurationPlatforms) = postSolution
		{B5C5A484-E3E1-4E96-BF3C-8CAAFC46D80B}.Debug|Any CPU.ActiveCfg = Debug|Any CPU
		{B5C5A484-E3E1-4E96-BF3C-8CAAFC46D80B}.Debug|Any CPU.Build.0 = Debug|Any CPU
		{B5C5A484-E3E1-4E96-BF3C-8CAAFC46D80B}.Release|Any CPU.ActiveCfg = Release|Any CPU
		{B5C5A484-E3E1-4E96-BF3C-8CAAFC46D80B}.Release|Any CPU.Build.0 = Release|Any CPU
		{3498EE67-E5EC-4B08-8DFC-B881D0929A85}.Debug|Any CPU.ActiveCfg = Debug|Any CPU
		{3498EE67-E5EC-4B08-8DFC-B881D0929A85}.Debug|Any CPU.Build.0 = Debug|Any CPU
		{3498EE67-E5EC-4B08-8DFC-B881D0929A85}.Release|Any CPU.ActiveCfg = Release|Any CPU
		{3498EE67-E5EC-4B08-8DFC-B881D0929A85}.Release|Any CPU.Build.0 = Release|Any CPU
		{87360405-5C94-44C0-9A13-7C81BF475097}.Debug|Any CPU.ActiveCfg = Debug|Any CPU
		{87360405-5C94-44C0-9A13-7C81BF475097}.Debug|Any CPU.Build.0 = Debug|Any CPU
		{87360405-5C94-44C0-9A13-7C81BF475097}.Release|Any CPU.ActiveCfg = Release|Any CPU
		{87360405-5C94-44C0-9A13-7C81BF475097}.Release|Any CPU.Build.0 = Release|Any CPU
		{88625882-BFC3-460F-96B3-6551F5AFFD00}.Debug|Any CPU.ActiveCfg = Debug|Any CPU
		{88625882-BFC3-460F-96B3-6551F5AFFD00}.Debug|Any CPU.Build.0 = Debug|Any CPU
		{88625882-BFC3-460F-96B3-6551F5AFFD00}.Release|Any CPU.ActiveCfg = Release|Any CPU
		{88625882-BFC3-460F-96B3-6551F5AFFD00}.Release|Any CPU.Build.0 = Release|Any CPU
	EndGlobalSection
	GlobalSection(SolutionProperties) = preSolution
		HideSolutionNode = FALSE
	EndGlobalSection
	GlobalSection(ExtensibilityGlobals) = postSolution
		SolutionGuid = {8D907488-6992-4533-95D3-FE8C934493C8}
	EndGlobalSection
EndGlobal
